
Microsoft Visual Studio Solution File, Format Version 12.00
# Visual Studio Version 17
VisualStudioVersion = 17.9.34728.123
MinimumVisualStudioVersion = 10.0.40219.1
Project("{FAE04EC0-301F-11D3-BF4B-00C04F79EFBC}") = "Calendar - MVVM", "Calendar - MVVM\Calendar - MVVM.csproj", "{AF643E2A-7AF2-46EF-83A4-8F4031A3589A}"
EndProject
Global
	GlobalSection(SolutionConfigurationPlatforms) = preSolution
		Debug|Any CPU = Debug|Any CPU
		Release|Any CPU = Release|Any CPU
	EndGlobalSection
	GlobalSection(ProjectConfigurationPlatforms) = postSolution
		{AF643E2A-7AF2-46EF-83A4-8F4031A3589A}.Debug|Any CPU.ActiveCfg = Debug|Any CPU
		{AF643E2A-7AF2-46EF-83A4-8F4031A3589A}.Debug|Any CPU.Build.0 = Debug|Any CPU
		{AF643E2A-7AF2-46EF-83A4-8F4031A3589A}.Release|Any CPU.ActiveCfg = Release|Any CPU
		{AF643E2A-7AF2-46EF-83A4-8F4031A3589A}.Release|Any CPU.Build.0 = Release|Any CPU
	EndGlobalSection
	GlobalSection(SolutionProperties) = preSolution
		HideSolutionNode = FALSE
	EndGlobalSection
	GlobalSection(ExtensibilityGlobals) = postSolution
		SolutionGuid = {234B74A7-F739-4395-83EA-241C3C117377}
	EndGlobalSection
EndGlobal
